
Microsoft Visual Studio Solution File, Format Version 12.00
# Visual Studio 2013
VisualStudioVersion = 12.0.30501.0
MinimumVisualStudioVersion = 10.0.40219.1
Project("{A0786B88-2ADB-4C21-ABE8-AA2D79766269}") = "FinalYearProject", "FinalYearProject\FinalYearProject.phpproj", "{15567F03-699B-430C-B64F-90D5DBDF78FB}"
EndProject
Global
	GlobalSection(SolutionConfigurationPlatforms) = preSolution
		Debug|Any CPU = Debug|Any CPU
		Release|Any CPU = Release|Any CPU
	EndGlobalSection
	GlobalSection(ProjectConfigurationPlatforms) = postSolution
		{15567F03-699B-430C-B64F-90D5DBDF78FB}.Debug|Any CPU.ActiveCfg = Debug|Any CPU
		{15567F03-699B-430C-B64F-90D5DBDF78FB}.Debug|Any CPU.Build.0 = Debug|Any CPU
		{15567F03-699B-430C-B64F-90D5DBDF78FB}.Release|Any CPU.ActiveCfg = Release|Any CPU
		{15567F03-699B-430C-B64F-90D5DBDF78FB}.Release|Any CPU.Build.0 = Release|Any CPU
	EndGlobalSection
	GlobalSection(SolutionProperties) = preSolution
		HideSolutionNode = FALSE
	EndGlobalSection
EndGlobal
